
Microsoft Visual Studio Solution File, Format Version 12.00
# Visual Studio Version 16
VisualStudioVersion = 16.0.31105.61
MinimumVisualStudioVersion = 10.0.40219.1
Project("{8BC9CEB8-8B4A-11D0-8D11-00A0C91BC942}") = "music", "music\music.vcxproj", "{A716F810-AC27-4120-98B0-9674993131CC}"
EndProject
Global
	GlobalSection(SolutionConfigurationPlatforms) = preSolution
		Debug|x64 = Debug|x64
		Debug|x86 = Debug|x86
		Release|x64 = Release|x64
		Release|x86 = Release|x86
	EndGlobalSection
	GlobalSection(ProjectConfigurationPlatforms) = postSolution
		{A716F810-AC27-4120-98B0-9674993131CC}.Debug|x64.ActiveCfg = Debug|x64
		{A716F810-AC27-4120-98B0-9674993131CC}.Debug|x64.Build.0 = Debug|x64
		{A716F810-AC27-4120-98B0-9674993131CC}.Debug|x86.ActiveCfg = Debug|Win32
		{A716F810-AC27-4120-98B0-9674993131CC}.Debug|x86.Build.0 = Debug|Win32
		{A716F810-AC27-4120-98B0-9674993131CC}.Release|x64.ActiveCfg = Release|x64
		{A716F810-AC27-4120-98B0-9674993131CC}.Release|x64.Build.0 = Release|x64
		{A716F810-AC27-4120-98B0-9674993131CC}.Release|x86.ActiveCfg = Release|Win32
		{A716F810-AC27-4120-98B0-9674993131CC}.Release|x86.Build.0 = Release|Win32
	EndGlobalSection
	GlobalSection(SolutionProperties) = preSolution
		HideSolutionNode = FALSE
	EndGlobalSection
	GlobalSection(ExtensibilityGlobals) = postSolution
		SolutionGuid = {52DB9606-A5D1-4FFE-93AF-B4CED1759A14}
	EndGlobalSection
EndGlobal
